// !$*UTF8*$!
{
	archiveVersion = 1;
	classes = {
	};
	objectVersion = 50;
	objects = {

/* Begin PBXBuildFile section */
		801A3F9423C8C8BB00847790 /* AppDelegate.m in Sources */ = {isa = PBXBuildFile; fileRef = 801A3F9323C8C8BB00847790 /* AppDelegate.m */; };
		801A3F9723C8C8BB00847790 /* SceneDelegate.m in Sources */ = {isa = PBXBuildFile; fileRef = 801A3F9623C8C8BB00847790 /* SceneDelegate.m */; };
		801A3F9A23C8C8BB00847790 /* CheckViewController.m in Sources */ = {isa = PBXBuildFile; fileRef = 801A3F9923C8C8BB00847790 /* CheckViewController.m */; };
		801A3F9D23C8C8BB00847790 /* Main.storyboard in Resources */ = {isa = PBXBuildFile; fileRef = 801A3F9B23C8C8BB00847790 /* Main.storyboard */; };
		801A3F9F23C8C8BF00847790 /* Assets.xcassets in Resources */ = {isa = PBXBuildFile; fileRef = 801A3F9E23C8C8BF00847790 /* Assets.xcassets */; };
		801A3FA223C8C8BF00847790 /* LaunchScreen.storyboard in Resources */ = {isa = PBXBuildFile; fileRef = 801A3FA023C8C8BF00847790 /* LaunchScreen.storyboard */; };
		801A3FA523C8C8BF00847790 /* main.m in Sources */ = {isa = PBXBuildFile; fileRef = 801A3FA423C8C8BF00847790 /* main.m */; };
		8033028D23CA1020009EF0ED /* Varela Round regular.ttf in Resources */ = {isa = PBXBuildFile; fileRef = 8033028C23CA1020009EF0ED /* Varela Round regular.ttf */; };
		80412E9723CA07A70012CEEA /* VerifiedTableViewController.m in Sources */ = {isa = PBXBuildFile; fileRef = 80412E9623CA07A70012CEEA /* VerifiedTableViewController.m */; };
		80412E9B23CA08400012CEEA /* EmailAddressCell.m in Sources */ = {isa = PBXBuildFile; fileRef = 80412E9A23CA08400012CEEA /* EmailAddressCell.m */; };
		804EBDD523D31BE400AC9965 /* EmailAddressMO.m in Sources */ = {isa = PBXBuildFile; fileRef = 804EBDD423D31BE300AC9965 /* EmailAddressMO.m */; };
		8070075123D06EAE0068C8AE /* VisionViewController.m in Sources */ = {isa = PBXBuildFile; fileRef = 8070075023D06EAE0068C8AE /* VisionViewController.m */; };
		8070075423D0FD610068C8AE /* PreviewView.m in Sources */ = {isa = PBXBuildFile; fileRef = 8070075323D0FD610068C8AE /* PreviewView.m */; };
		80A4CEB223CB2E3000D8E1EB /* ValidatedEmailAddress.m in Sources */ = {isa = PBXBuildFile; fileRef = 80A4CEB123CB2E3000D8E1EB /* ValidatedEmailAddress.m */; };
		80A4CEB523CB3E0000D8E1EB /* ValidatorAPIClient.m in Sources */ = {isa = PBXBuildFile; fileRef = 80A4CEB423CB3E0000D8E1EB /* ValidatorAPIClient.m */; };
		80E1323423CE42B600938893 /* Validator.xcdatamodeld in Sources */ = {isa = PBXBuildFile; fileRef = 80E1323223CE42B600938893 /* Validator.xcdatamodeld */; };
/* End PBXBuildFile section */

/* Begin PBXFileReference section */
		801A3F8F23C8C8BB00847790 /* Validator.app */ = {isa = PBXFileReference; explicitFileType = wrapper.application; includeInIndex = 0; path = Validator.app; sourceTree = BUILT_PRODUCTS_DIR; };
		801A3F9223C8C8BB00847790 /* AppDelegate.h */ = {isa = PBXFileReference; lastKnownFileType = sourcecode.c.h; path = AppDelegate.h; sourceTree = "<group>"; };
		801A3F9323C8C8BB00847790 /* AppDelegate.m */ = {isa = PBXFileReference; lastKnownFileType = sourcecode.c.objc; path = AppDelegate.m; sourceTree = "<group>"; };
		801A3F9523C8C8BB00847790 /* SceneDelegate.h */ = {isa = PBXFileReference; lastKnownFileType = sourcecode.c.h; path = SceneDelegate.h; sourceTree = "<group>"; };
		801A3F9623C8C8BB00847790 /* SceneDelegate.m */ = {isa = PBXFileReference; lastKnownFileType = sourcecode.c.objc; path = SceneDelegate.m; sourceTree = "<group>"; };
		801A3F9823C8C8BB00847790 /* CheckViewController.h */ = {isa = PBXFileReference; lastKnownFileType = sourcecode.c.h; path = CheckViewController.h; sourceTree = "<group>"; };
		801A3F9923C8C8BB00847790 /* CheckViewController.m */ = {isa = PBXFileReference; lastKnownFileType = sourcecode.c.objc; path = CheckViewController.m; sourceTree = "<group>"; };
		801A3F9C23C8C8BB00847790 /* Base */ = {isa = PBXFileReference; lastKnownFileType = file.storyboard; name = Base; path = Base.lproj/Main.storyboard; sourceTree = "<group>"; };
		801A3F9E23C8C8BF00847790 /* Assets.xcassets */ = {isa = PBXFileReference; lastKnownFileType = folder.assetcatalog; path = Assets.xcassets; sourceTree = "<group>"; };
		801A3FA123C8C8BF00847790 /* Base */ = {isa = PBXFileReference; lastKnownFileType = file.storyboard; name = Base; path = Base.lproj/LaunchScreen.storyboard; sourceTree = "<group>"; };
		801A3FA323C8C8BF00847790 /* Info.plist */ = {isa = PBXFileReference; lastKnownFileType = text.plist.xml; path = Info.plist; sourceTree = "<group>"; };
		801A3FA423C8C8BF00847790 /* main.m */ = {isa = PBXFileReference; lastKnownFileType = sourcecode.c.objc; path = main.m; sourceTree = "<group>"; };
		8033028C23CA1020009EF0ED /* Varela Round regular.ttf */ = {isa = PBXFileReference; lastKnownFileType = file; path = "Varela Round regular.ttf"; sourceTree = "<group>"; };
		80412E9523CA07A70012CEEA /* VerifiedTableViewController.h */ = {isa = PBXFileReference; lastKnownFileType = sourcecode.c.h; path = VerifiedTableViewController.h; sourceTree = "<group>"; };
		80412E9623CA07A70012CEEA /* VerifiedTableViewController.m */ = {isa = PBXFileReference; lastKnownFileType = sourcecode.c.objc; path = VerifiedTableViewController.m; sourceTree = "<group>"; };
		80412E9923CA08400012CEEA /* EmailAddressCell.h */ = {isa = PBXFileReference; lastKnownFileType = sourcecode.c.h; path = EmailAddressCell.h; sourceTree = "<group>"; };
		80412E9A23CA08400012CEEA /* EmailAddressCell.m */ = {isa = PBXFileReference; lastKnownFileType = sourcecode.c.objc; path = EmailAddressCell.m; sourceTree = "<group>"; };
		804EBDD323D31BE300AC9965 /* EmailAddressMO.h */ = {isa = PBXFileReference; lastKnownFileType = sourcecode.c.h; path = EmailAddressMO.h; sourceTree = "<group>"; };
		804EBDD423D31BE300AC9965 /* EmailAddressMO.m */ = {isa = PBXFileReference; lastKnownFileType = sourcecode.c.objc; path = EmailAddressMO.m; sourceTree = "<group>"; };
		8070074F23D06EAE0068C8AE /* VisionViewController.h */ = {isa = PBXFileReference; lastKnownFileType = sourcecode.c.h; path = VisionViewController.h; sourceTree = "<group>"; };
		8070075023D06EAE0068C8AE /* VisionViewController.m */ = {isa = PBXFileReference; lastKnownFileType = sourcecode.c.objc; path = VisionViewController.m; sourceTree = "<group>"; };
		8070075223D0FD610068C8AE /* PreviewView.h */ = {isa = PBXFileReference; lastKnownFileType = sourcecode.c.h; path = PreviewView.h; sourceTree = "<group>"; };
		8070075323D0FD610068C8AE /* PreviewView.m */ = {isa = PBXFileReference; lastKnownFileType = sourcecode.c.objc; path = PreviewView.m; sourceTree = "<group>"; };
		80A4CEB023CB2DF300D8E1EB /* ValidatedEmailAddress.h */ = {isa = PBXFileReference; lastKnownFileType = sourcecode.c.h; path = ValidatedEmailAddress.h; sourceTree = "<group>"; };
		80A4CEB123CB2E3000D8E1EB /* ValidatedEmailAddress.m */ = {isa = PBXFileReference; lastKnownFileType = sourcecode.c.objc; path = ValidatedEmailAddress.m; sourceTree = "<group>"; };
		80A4CEB323CB32F200D8E1EB /* ValidatorAPIClient.h */ = {isa = PBXFileReference; lastKnownFileType = sourcecode.c.h; path = ValidatorAPIClient.h; sourceTree = "<group>"; };
		80A4CEB423CB3E0000D8E1EB /* ValidatorAPIClient.m */ = {isa = PBXFileReference; lastKnownFileType = sourcecode.c.objc; path = ValidatorAPIClient.m; sourceTree = "<group>"; };
		80E1323323CE42B600938893 /* Validator.xcdatamodel */ = {isa = PBXFileReference; lastKnownFileType = wrapper.xcdatamodel; path = Validator.xcdatamodel; sourceTree = "<group>"; };
/* End PBXFileReference section */

/* Begin PBXFrameworksBuildPhase section */
		801A3F8C23C8C8BB00847790 /* Frameworks */ = {
			isa = PBXFrameworksBuildPhase;
			buildActionMask = 2147483647;
			files = (
			);
			runOnlyForDeploymentPostprocessing = 0;
		};
/* End PBXFrameworksBuildPhase section */

/* Begin PBXGroup section */
		801A3F8623C8C8BB00847790 = {
			isa = PBXGroup;
			children = (
				801A3F9123C8C8BB00847790 /* Validator */,
				801A3F9023C8C8BB00847790 /* Products */,
			);
			sourceTree = "<group>";
		};
		801A3F9023C8C8BB00847790 /* Products */ = {
			isa = PBXGroup;
			children = (
				801A3F8F23C8C8BB00847790 /* Validator.app */,
			);
			name = Products;
			sourceTree = "<group>";
		};
		801A3F9123C8C8BB00847790 /* Validator */ = {
			isa = PBXGroup;
			children = (
				8033028E23CA15DB009EF0ED /* Helpers */,
				80412E9823CA07B70012CEEA /* Models */,
				80412E9423CA07530012CEEA /* Views */,
				80412E9123CA071C0012CEEA /* Controllers */,
				80412E9D23CA0BD50012CEEA /* Fonts */,
				801A3F9223C8C8BB00847790 /* AppDelegate.h */,
				801A3F9323C8C8BB00847790 /* AppDelegate.m */,
				801A3F9523C8C8BB00847790 /* SceneDelegate.h */,
				801A3F9623C8C8BB00847790 /* SceneDelegate.m */,
				801A3F9E23C8C8BF00847790 /* Assets.xcassets */,
				801A3FA323C8C8BF00847790 /* Info.plist */,
				801A3FA423C8C8BF00847790 /* main.m */,
			);
			path = Validator;
			sourceTree = "<group>";
		};
		8033028E23CA15DB009EF0ED /* Helpers */ = {
			isa = PBXGroup;
			children = (
				80A4CEB323CB32F200D8E1EB /* ValidatorAPIClient.h */,
				80A4CEB423CB3E0000D8E1EB /* ValidatorAPIClient.m */,
			);
			path = Helpers;
			sourceTree = "<group>";
		};
		80412E9123CA071C0012CEEA /* Controllers */ = {
			isa = PBXGroup;
			children = (
				80412E9223CA07270012CEEA /* Headers */,
				80412E9323CA072E0012CEEA /* Implementation */,
			);
			path = Controllers;
			sourceTree = "<group>";
		};
		80412E9223CA07270012CEEA /* Headers */ = {
			isa = PBXGroup;
			children = (
				801A3F9823C8C8BB00847790 /* CheckViewController.h */,
				80412E9523CA07A70012CEEA /* VerifiedTableViewController.h */,
				8070074F23D06EAE0068C8AE /* VisionViewController.h */,
			);
			path = Headers;
			sourceTree = "<group>";
		};
		80412E9323CA072E0012CEEA /* Implementation */ = {
			isa = PBXGroup;
			children = (
				801A3F9923C8C8BB00847790 /* CheckViewController.m */,
				80412E9623CA07A70012CEEA /* VerifiedTableViewController.m */,
				8070075023D06EAE0068C8AE /* VisionViewController.m */,
			);
			path = Implementation;
			sourceTree = "<group>";
		};
		80412E9423CA07530012CEEA /* Views */ = {
			isa = PBXGroup;
			children = (
				80412E9C23CA08470012CEEA /* Cell */,
				801A3FA023C8C8BF00847790 /* LaunchScreen.storyboard */,
				801A3F9B23C8C8BB00847790 /* Main.storyboard */,
				8070075223D0FD610068C8AE /* PreviewView.h */,
				8070075323D0FD610068C8AE /* PreviewView.m */,
			);
			path = Views;
			sourceTree = "<group>";
		};
		80412E9823CA07B70012CEEA /* Models */ = {
			isa = PBXGroup;
			children = (
				80A4CEB023CB2DF300D8E1EB /* ValidatedEmailAddress.h */,
				80A4CEB123CB2E3000D8E1EB /* ValidatedEmailAddress.m */,
				807B1C2823D366C000D93C0C /* Core Data */,
			);
			path = Models;
			sourceTree = "<group>";
		};
		80412E9C23CA08470012CEEA /* Cell */ = {
			isa = PBXGroup;
			children = (
				80412E9923CA08400012CEEA /* EmailAddressCell.h */,
				80412E9A23CA08400012CEEA /* EmailAddressCell.m */,
			);
			path = Cell;
			sourceTree = "<group>";
		};
		80412E9D23CA0BD50012CEEA /* Fonts */ = {
			isa = PBXGroup;
			children = (
				8033028C23CA1020009EF0ED /* Varela Round regular.ttf */,
			);
			path = Fonts;
			sourceTree = "<group>";
		};
		807B1C2823D366C000D93C0C /* Core Data */ = {
			isa = PBXGroup;
			children = (
				804EBDD323D31BE300AC9965 /* EmailAddressMO.h */,
				804EBDD423D31BE300AC9965 /* EmailAddressMO.m */,
				80E1323223CE42B600938893 /* Validator.xcdatamodeld */,
			);
			path = "Core Data";
			sourceTree = "<group>";
		};
/* End PBXGroup section */

/* Begin PBXNativeTarget section */
		801A3F8E23C8C8BB00847790 /* Validator */ = {
			isa = PBXNativeTarget;
			buildConfigurationList = 801A3FA823C8C8BF00847790 /* Build configuration list for PBXNativeTarget "Validator" */;
			buildPhases = (
				801A3F8B23C8C8BB00847790 /* Sources */,
				801A3F8C23C8C8BB00847790 /* Frameworks */,
				801A3F8D23C8C8BB00847790 /* Resources */,
			);
			buildRules = (
			);
			dependencies = (
			);
			name = Validator;
			productName = Validator;
			productReference = 801A3F8F23C8C8BB00847790 /* Validator.app */;
			productType = "com.apple.product-type.application";
		};
/* End PBXNativeTarget section */

/* Begin PBXProject section */
		801A3F8723C8C8BB00847790 /* Project object */ = {
			isa = PBXProject;
			attributes = {
				LastUpgradeCheck = 1130;
				ORGANIZATIONNAME = "Lukas Kasakaitis";
				TargetAttributes = {
					801A3F8E23C8C8BB00847790 = {
						CreatedOnToolsVersion = 11.3;
						LastSwiftMigration = 1130;
					};
				};
			};
			buildConfigurationList = 801A3F8A23C8C8BB00847790 /* Build configuration list for PBXProject "Validator" */;
			compatibilityVersion = "Xcode 9.3";
			developmentRegion = en;
			hasScannedForEncodings = 0;
			knownRegions = (
				en,
				Base,
			);
			mainGroup = 801A3F8623C8C8BB00847790;
			productRefGroup = 801A3F9023C8C8BB00847790 /* Products */;
			projectDirPath = "";
			projectRoot = "";
			targets = (
				801A3F8E23C8C8BB00847790 /* Validator */,
			);
		};
/* End PBXProject section */

/* Begin PBXResourcesBuildPhase section */
		801A3F8D23C8C8BB00847790 /* Resources */ = {
			isa = PBXResourcesBuildPhase;
			buildActionMask = 2147483647;
			files = (
				801A3FA223C8C8BF00847790 /* LaunchScreen.storyboard in Resources */,
				8033028D23CA1020009EF0ED /* Varela Round regular.ttf in Resources */,
				801A3F9F23C8C8BF00847790 /* Assets.xcassets in Resources */,
				801A3F9D23C8C8BB00847790 /* Main.storyboard in Resources */,
			);
			runOnlyForDeploymentPostprocessing = 0;
		};
/* End PBXResourcesBuildPhase section */

/* Begin PBXSourcesBuildPhase section */
		801A3F8B23C8C8BB00847790 /* Sources */ = {
			isa = PBXSourcesBuildPhase;
			buildActionMask = 2147483647;
			files = (
				80A4CEB223CB2E3000D8E1EB /* ValidatedEmailAddress.m in Sources */,
				8070075423D0FD610068C8AE /* PreviewView.m in Sources */,
				801A3F9A23C8C8BB00847790 /* CheckViewController.m in Sources */,
				80412E9723CA07A70012CEEA /* VerifiedTableViewController.m in Sources */,
				801A3F9423C8C8BB00847790 /* AppDelegate.m in Sources */,
				8070075123D06EAE0068C8AE /* VisionViewController.m in Sources */,
				801A3FA523C8C8BF00847790 /* main.m in Sources */,
				80E1323423CE42B600938893 /* Validator.xcdatamodeld in Sources */,
				801A3F9723C8C8BB00847790 /* SceneDelegate.m in Sources */,
				80A4CEB523CB3E0000D8E1EB /* ValidatorAPIClient.m in Sources */,
				80412E9B23CA08400012CEEA /* EmailAddressCell.m in Sources */,
				804EBDD523D31BE400AC9965 /* EmailAddressMO.m in Sources */,
			);
			runOnlyForDeploymentPostprocessing = 0;
		};
/* End PBXSourcesBuildPhase section */

/* Begin PBXVariantGroup section */
		801A3F9B23C8C8BB00847790 /* Main.storyboard */ = {
			isa = PBXVariantGroup;
			children = (
				801A3F9C23C8C8BB00847790 /* Base */,
			);
			name = Main.storyboard;
			sourceTree = "<group>";
		};
		801A3FA023C8C8BF00847790 /* LaunchScreen.storyboard */ = {
			isa = PBXVariantGroup;
			children = (
				801A3FA123C8C8BF00847790 /* Base */,
			);
			name = LaunchScreen.storyboard;
			sourceTree = "<group>";
		};
/* End PBXVariantGroup section */

/* Begin XCBuildConfiguration section */
		801A3FA623C8C8BF00847790 /* Debug */ = {
			isa = XCBuildConfiguration;
			buildSettings = {
				ALWAYS_SEARCH_USER_PATHS = NO;
				CLANG_ANALYZER_LOCALIZABILITY_NONLOCALIZED = YES;
				CLANG_ANALYZER_NONNULL = YES;
				CLANG_ANALYZER_NUMBER_OBJECT_CONVERSION = YES_AGGRESSIVE;
				CLANG_CXX_LANGUAGE_STANDARD = "gnu++14";
				CLANG_CXX_LIBRARY = "libc++";
				CLANG_ENABLE_MODULES = YES;
				CLANG_ENABLE_OBJC_ARC = YES;
				CLANG_ENABLE_OBJC_WEAK = YES;
				CLANG_WARN_BLOCK_CAPTURE_AUTORELEASING = YES;
				CLANG_WARN_BOOL_CONVERSION = YES;
				CLANG_WARN_COMMA = YES;
				CLANG_WARN_CONSTANT_CONVERSION = YES;
				CLANG_WARN_DEPRECATED_OBJC_IMPLEMENTATIONS = YES;
				CLANG_WARN_DIRECT_OBJC_ISA_USAGE = YES_ERROR;
				CLANG_WARN_DOCUMENTATION_COMMENTS = YES;
				CLANG_WARN_EMPTY_BODY = YES;
				CLANG_WARN_ENUM_CONVERSION = YES;
				CLANG_WARN_INFINITE_RECURSION = YES;
				CLANG_WARN_INT_CONVERSION = YES;
				CLANG_WARN_NON_LITERAL_NULL_CONVERSION = YES;
				CLANG_WARN_OBJC_IMPLICIT_RETAIN_SELF = YES;
				CLANG_WARN_OBJC_LITERAL_CONVERSION = YES;
				CLANG_WARN_OBJC_ROOT_CLASS = YES_ERROR;
				CLANG_WARN_RANGE_LOOP_ANALYSIS = YES;
				CLANG_WARN_STRICT_PROTOTYPES = YES;
				CLANG_WARN_SUSPICIOUS_MOVE = YES;
				CLANG_WARN_UNGUARDED_AVAILABILITY = YES_AGGRESSIVE;
				CLANG_WARN_UNREACHABLE_CODE = YES;
				CLANG_WARN__DUPLICATE_METHOD_MATCH = YES;
				COPY_PHASE_STRIP = NO;
				DEBUG_INFORMATION_FORMAT = dwarf;
				ENABLE_STRICT_OBJC_MSGSEND = YES;
				ENABLE_TESTABILITY = YES;
				GCC_C_LANGUAGE_STANDARD = gnu11;
				GCC_DYNAMIC_NO_PIC = NO;
				GCC_NO_COMMON_BLOCKS = YES;
				GCC_OPTIMIZATION_LEVEL = 0;
				GCC_PREPROCESSOR_DEFINITIONS = (
					"DEBUG=1",
					"$(inherited)",
				);
				GCC_WARN_64_TO_32_BIT_CONVERSION = YES;
				GCC_WARN_ABOUT_RETURN_TYPE = YES_ERROR;
				GCC_WARN_UNDECLARED_SELECTOR = YES;
				GCC_WARN_UNINITIALIZED_AUTOS = YES_AGGRESSIVE;
				GCC_WARN_UNUSED_FUNCTION = YES;
				GCC_WARN_UNUSED_VARIABLE = YES;
				IPHONEOS_DEPLOYMENT_TARGET = 13.0;
				MTL_ENABLE_DEBUG_INFO = INCLUDE_SOURCE;
				MTL_FAST_MATH = YES;
				ONLY_ACTIVE_ARCH = YES;
				SDKROOT = iphoneos;
			};
			name = Debug;
		};
		801A3FA723C8C8BF00847790 /* Release */ = {
			isa = XCBuildConfiguration;
			buildSettings = {
				ALWAYS_SEARCH_USER_PATHS = NO;
				CLANG_ANALYZER_LOCALIZABILITY_NONLOCALIZED = YES;
				CLANG_ANALYZER_NONNULL = YES;
				CLANG_ANALYZER_NUMBER_OBJECT_CONVERSION = YES_AGGRESSIVE;
				CLANG_CXX_LANGUAGE_STANDARD = "gnu++14";
				CLANG_CXX_LIBRARY = "libc++";
				CLANG_ENABLE_MODULES = YES;
				CLANG_ENABLE_OBJC_ARC = YES;
				CLANG_ENABLE_OBJC_WEAK = YES;
				CLANG_WARN_BLOCK_CAPTURE_AUTORELEASING = YES;
				CLANG_WARN_BOOL_CONVERSION = YES;
				CLANG_WARN_COMMA = YES;
				CLANG_WARN_CONSTANT_CONVERSION = YES;
				CLANG_WARN_DEPRECATED_OBJC_IMPLEMENTATIONS = YES;
				CLANG_WARN_DIRECT_OBJC_ISA_USAGE = YES_ERROR;
				CLANG_WARN_DOCUMENTATION_COMMENTS = YES;
				CLANG_WARN_EMPTY_BODY = YES;
				CLANG_WARN_ENUM_CONVERSION = YES;
				CLANG_WARN_INFINITE_RECURSION = YES;
				CLANG_WARN_INT_CONVERSION = YES;
				CLANG_WARN_NON_LITERAL_NULL_CONVERSION = YES;
				CLANG_WARN_OBJC_IMPLICIT_RETAIN_SELF = YES;
				CLANG_WARN_OBJC_LITERAL_CONVERSION = YES;
				CLANG_WARN_OBJC_ROOT_CLASS = YES_ERROR;
				CLANG_WARN_RANGE_LOOP_ANALYSIS = YES;
				CLANG_WARN_STRICT_PROTOTYPES = YES;
				CLANG_WARN_SUSPICIOUS_MOVE = YES;
				CLANG_WARN_UNGUARDED_AVAILABILITY = YES_AGGRESSIVE;
				CLANG_WARN_UNREACHABLE_CODE = YES;
				CLANG_WARN__DUPLICATE_METHOD_MATCH = YES;
				COPY_PHASE_STRIP = NO;
				DEBUG_INFORMATION_FORMAT = "dwarf-with-dsym";
				ENABLE_NS_ASSERTIONS = NO;
				ENABLE_STRICT_OBJC_MSGSEND = YES;
				GCC_C_LANGUAGE_STANDARD = gnu11;
				GCC_NO_COMMON_BLOCKS = YES;
				GCC_WARN_64_TO_32_BIT_CONVERSION = YES;
				GCC_WARN_ABOUT_RETURN_TYPE = YES_ERROR;
				GCC_WARN_UNDECLARED_SELECTOR = YES;
				GCC_WARN_UNINITIALIZED_AUTOS = YES_AGGRESSIVE;
				GCC_WARN_UNUSED_FUNCTION = YES;
				GCC_WARN_UNUSED_VARIABLE = YES;
				IPHONEOS_DEPLOYMENT_TARGET = 13.0;
				MTL_ENABLE_DEBUG_INFO = NO;
				MTL_FAST_MATH = YES;
				SDKROOT = iphoneos;
				VALIDATE_PRODUCT = YES;
			};
			name = Release;
		};
		801A3FA923C8C8BF00847790 /* Debug */ = {
			isa = XCBuildConfiguration;
			buildSettings = {
				ASSETCATALOG_COMPILER_APPICON_NAME = AppIcon;
				CLANG_ENABLE_MODULES = YES;
				CODE_SIGN_STYLE = Automatic;
				DEVELOPMENT_TEAM = 95K8REC8NW;
				INFOPLIST_FILE = Validator/Info.plist;
				IPHONEOS_DEPLOYMENT_TARGET = 13.0;
				LD_RUNPATH_SEARCH_PATHS = (
					"$(inherited)",
					"@executable_path/Frameworks",
				);
				PRODUCT_BUNDLE_IDENTIFIER = com.lukaskasakaitis.Validator;
				PRODUCT_NAME = "$(TARGET_NAME)";
				SWIFT_OPTIMIZATION_LEVEL = "-Onone";
				SWIFT_VERSION = 5.0;
				TARGETED_DEVICE_FAMILY = 1;
			};
			name = Debug;
		};
		801A3FAA23C8C8BF00847790 /* Release */ = {
			isa = XCBuildConfiguration;
			buildSettings = {
				ASSETCATALOG_COMPILER_APPICON_NAME = AppIcon;
				CLANG_ENABLE_MODULES = YES;
				CODE_SIGN_STYLE = Automatic;
				DEVELOPMENT_TEAM = 95K8REC8NW;
				INFOPLIST_FILE = Validator/Info.plist;
				IPHONEOS_DEPLOYMENT_TARGET = 13.0;
				LD_RUNPATH_SEARCH_PATHS = (
					"$(inherited)",
					"@executable_path/Frameworks",
				);
				PRODUCT_BUNDLE_IDENTIFIER = com.lukaskasakaitis.Validator;
				PRODUCT_NAME = "$(TARGET_NAME)";
				SWIFT_VERSION = 5.0;
				TARGETED_DEVICE_FAMILY = 1;
			};
			name = Release;
		};
/* End XCBuildConfiguration section */

/* Begin XCConfigurationList section */
		801A3F8A23C8C8BB00847790 /* Build configuration list for PBXProject "Validator" */ = {
			isa = XCConfigurationList;
			buildConfigurations = (
				801A3FA623C8C8BF00847790 /* Debug */,
				801A3FA723C8C8BF00847790 /* Release */,
			);
			defaultConfigurationIsVisible = 0;
			defaultConfigurationName = Release;
		};
		801A3FA823C8C8BF00847790 /* Build configuration list for PBXNativeTarget "Validator" */ = {
			isa = XCConfigurationList;
			buildConfigurations = (
				801A3FA923C8C8BF00847790 /* Debug */,
				801A3FAA23C8C8BF00847790 /* Release */,
			);
			defaultConfigurationIsVisible = 0;
			defaultConfigurationName = Release;
		};
/* End XCConfigurationList section */

/* Begin XCVersionGroup section */
		80E1323223CE42B600938893 /* Validator.xcdatamodeld */ = {
			isa = XCVersionGroup;
			children = (
				80E1323323CE42B600938893 /* Validator.xcdatamodel */,
			);
			currentVersion = 80E1323323CE42B600938893 /* Validator.xcdatamodel */;
			path = Validator.xcdatamodeld;
			sourceTree = "<group>";
			versionGroupType = wrapper.xcdatamodel;
		};
/* End XCVersionGroup section */
	};
	rootObject = 801A3F8723C8C8BB00847790 /* Project object */;
}
